
Microsoft Visual Studio Solution File, Format Version 11.00
# Visual Studio 2010
Project("{FAE04EC0-301F-11D3-BF4B-00C04F79EFBC}") = "SilverlightApplication2", "SilverlightApplication2\SilverlightApplication2.csproj", "{3EC0FEAF-FF04-4CD3-821A-CCE6EC82A461}"
EndProject
Project("{FAE04EC0-301F-11D3-BF4B-00C04F79EFBC}") = "SilverlightApplication2.Web", "SilverlightApplication2.Web\SilverlightApplication2.Web.csproj", "{2138F370-D920-4BA3-89BD-9233A3B2DB4D}"
EndProject
Global
	GlobalSection(SolutionConfigurationPlatforms) = preSolution
		Debug|Any CPU = Debug|Any CPU
		Release|Any CPU = Release|Any CPU
	EndGlobalSection
	GlobalSection(ProjectConfigurationPlatforms) = postSolution
		{3EC0FEAF-FF04-4CD3-821A-CCE6EC82A461}.Debug|Any CPU.ActiveCfg = Debug|Any CPU
		{3EC0FEAF-FF04-4CD3-821A-CCE6EC82A461}.Debug|Any CPU.Build.0 = Debug|Any CPU
		{3EC0FEAF-FF04-4CD3-821A-CCE6EC82A461}.Release|Any CPU.ActiveCfg = Release|Any CPU
		{3EC0FEAF-FF04-4CD3-821A-CCE6EC82A461}.Release|Any CPU.Build.0 = Release|Any CPU
		{2138F370-D920-4BA3-89BD-9233A3B2DB4D}.Debug|Any CPU.ActiveCfg = Debug|Any CPU
		{2138F370-D920-4BA3-89BD-9233A3B2DB4D}.Debug|Any CPU.Build.0 = Debug|Any CPU
		{2138F370-D920-4BA3-89BD-9233A3B2DB4D}.Release|Any CPU.ActiveCfg = Release|Any CPU
		{2138F370-D920-4BA3-89BD-9233A3B2DB4D}.Release|Any CPU.Build.0 = Release|Any CPU
	EndGlobalSection
	GlobalSection(SolutionProperties) = preSolution
		HideSolutionNode = FALSE
	EndGlobalSection
EndGlobal
